
Microsoft Visual Studio Solution File, Format Version 12.00
# Visual Studio Version 17
VisualStudioVersion = 17.0.31903.59
MinimumVisualStudioVersion = 10.0.40219.1
Project("{2150E333-8FDC-42A3-9474-1A3956D46DE8}") = "backend", "backend", "{5205C033-C9DE-4039-9531-A1E5E9226CA0}"
EndProject
Project("{FAE04EC0-301F-11D3-BF4B-00C04F79EFBC}") = "SupportTickets.Domain", "backend\SupportTickets.Domain\SupportTickets.Domain.csproj", "{F17B55C6-427E-4B1E-B404-2A21598F8ECC}"
EndProject
Project("{FAE04EC0-301F-11D3-BF4B-00C04F79EFBC}") = "SupportTickets.Application", "backend\SupportTickets.Application\SupportTickets.Application.csproj", "{4EA37A35-DAE5-4BC7-8DEE-6149F08D22ED}"
EndProject
Project("{FAE04EC0-301F-11D3-BF4B-00C04F79EFBC}") = "SupportTickets.Infrastructure", "backend\SupportTickets.Infrastructure\SupportTickets.Infrastructure.csproj", "{E0AAB050-539B-43F0-B51E-DDB3E19575B4}"
EndProject
Project("{FAE04EC0-301F-11D3-BF4B-00C04F79EFBC}") = "SupportTickets.Api", "backend\SupportTickets.Api\SupportTickets.Api.csproj", "{0572F78C-9979-44A3-A1D3-7DFC4A2229B5}"
EndProject
Project("{FAE04EC0-301F-11D3-BF4B-00C04F79EFBC}") = "SupportTickets.Tests", "backend\SupportTickets.Tests\SupportTickets.Tests.csproj", "{5DB4F597-03DC-4564-9BC7-F8866A8D5854}"
EndProject
Global
	GlobalSection(SolutionConfigurationPlatforms) = preSolution
		Debug|Any CPU = Debug|Any CPU
		Release|Any CPU = Release|Any CPU
	EndGlobalSection
	GlobalSection(SolutionProperties) = preSolution
		HideSolutionNode = FALSE
	EndGlobalSection
	GlobalSection(ProjectConfigurationPlatforms) = postSolution
		{F17B55C6-427E-4B1E-B404-2A21598F8ECC}.Debug|Any CPU.ActiveCfg = Debug|Any CPU
		{F17B55C6-427E-4B1E-B404-2A21598F8ECC}.Debug|Any CPU.Build.0 = Debug|Any CPU
		{F17B55C6-427E-4B1E-B404-2A21598F8ECC}.Release|Any CPU.ActiveCfg = Release|Any CPU
		{F17B55C6-427E-4B1E-B404-2A21598F8ECC}.Release|Any CPU.Build.0 = Release|Any CPU
		{4EA37A35-DAE5-4BC7-8DEE-6149F08D22ED}.Debug|Any CPU.ActiveCfg = Debug|Any CPU
		{4EA37A35-DAE5-4BC7-8DEE-6149F08D22ED}.Debug|Any CPU.Build.0 = Debug|Any CPU
		{4EA37A35-DAE5-4BC7-8DEE-6149F08D22ED}.Release|Any CPU.ActiveCfg = Release|Any CPU
		{4EA37A35-DAE5-4BC7-8DEE-6149F08D22ED}.Release|Any CPU.Build.0 = Release|Any CPU
		{E0AAB050-539B-43F0-B51E-DDB3E19575B4}.Debug|Any CPU.ActiveCfg = Debug|Any CPU
		{E0AAB050-539B-43F0-B51E-DDB3E19575B4}.Debug|Any CPU.Build.0 = Debug|Any CPU
		{E0AAB050-539B-43F0-B51E-DDB3E19575B4}.Release|Any CPU.ActiveCfg = Release|Any CPU
		{E0AAB050-539B-43F0-B51E-DDB3E19575B4}.Release|Any CPU.Build.0 = Release|Any CPU
		{0572F78C-9979-44A3-A1D3-7DFC4A2229B5}.Debug|Any CPU.ActiveCfg = Debug|Any CPU
		{0572F78C-9979-44A3-A1D3-7DFC4A2229B5}.Debug|Any CPU.Build.0 = Debug|Any CPU
		{0572F78C-9979-44A3-A1D3-7DFC4A2229B5}.Release|Any CPU.ActiveCfg = Release|Any CPU
		{0572F78C-9979-44A3-A1D3-7DFC4A2229B5}.Release|Any CPU.Build.0 = Release|Any CPU
		{5DB4F597-03DC-4564-9BC7-F8866A8D5854}.Debug|Any CPU.ActiveCfg = Debug|Any CPU
		{5DB4F597-03DC-4564-9BC7-F8866A8D5854}.Debug|Any CPU.Build.0 = Debug|Any CPU
		{5DB4F597-03DC-4564-9BC7-F8866A8D5854}.Release|Any CPU.ActiveCfg = Release|Any CPU
		{5DB4F597-03DC-4564-9BC7-F8866A8D5854}.Release|Any CPU.Build.0 = Release|Any CPU
	EndGlobalSection
	GlobalSection(NestedProjects) = preSolution
		{F17B55C6-427E-4B1E-B404-2A21598F8ECC} = {5205C033-C9DE-4039-9531-A1E5E9226CA0}
		{4EA37A35-DAE5-4BC7-8DEE-6149F08D22ED} = {5205C033-C9DE-4039-9531-A1E5E9226CA0}
		{E0AAB050-539B-43F0-B51E-DDB3E19575B4} = {5205C033-C9DE-4039-9531-A1E5E9226CA0}
		{0572F78C-9979-44A3-A1D3-7DFC4A2229B5} = {5205C033-C9DE-4039-9531-A1E5E9226CA0}
		{5DB4F597-03DC-4564-9BC7-F8866A8D5854} = {5205C033-C9DE-4039-9531-A1E5E9226CA0}
	EndGlobalSection
EndGlobal
